
Microsoft Visual Studio Solution File, Format Version 12.00
# Visual Studio Version 17
VisualStudioVersion = 17.3.32811.315
MinimumVisualStudioVersion = 10.0.40219.1
Project("{FAE04EC0-301F-11D3-BF4B-00C04F79EFBC}") = "TSMS(2)", "TSMS(2).csproj", "{C1388462-2979-4276-97C3-2FD324FB3544}"
EndProject
Global
	GlobalSection(SolutionConfigurationPlatforms) = preSolution
		Debug|Any CPU = Debug|Any CPU
		Release|Any CPU = Release|Any CPU
	EndGlobalSection
	GlobalSection(ProjectConfigurationPlatforms) = postSolution
		{C1388462-2979-4276-97C3-2FD324FB3544}.Debug|Any CPU.ActiveCfg = Debug|Any CPU
		{C1388462-2979-4276-97C3-2FD324FB3544}.Debug|Any CPU.Build.0 = Debug|Any CPU
		{C1388462-2979-4276-97C3-2FD324FB3544}.Release|Any CPU.ActiveCfg = Release|Any CPU
		{C1388462-2979-4276-97C3-2FD324FB3544}.Release|Any CPU.Build.0 = Release|Any CPU
	EndGlobalSection
	GlobalSection(SolutionProperties) = preSolution
		HideSolutionNode = FALSE
	EndGlobalSection
	GlobalSection(ExtensibilityGlobals) = postSolution
		SolutionGuid = {0584C00A-950B-4F9A-A268-0D1645CDC40B}
	EndGlobalSection
EndGlobal
